// !$*UTF8*$!
{
	archiveVersion = 1;
	classes = {
	};
	objectVersion = 48;
	objects = {

/* Begin PBXBuildFile section */
		3DB08F46205CDC0300069ED0 /* AppDelegate.m in Sources */ = {isa = PBXBuildFile; fileRef = 3DB08F45205CDC0300069ED0 /* AppDelegate.m */; };
		3DB08F49205CDC0300069ED0 /* ViewController.m in Sources */ = {isa = PBXBuildFile; fileRef = 3DB08F48205CDC0300069ED0 /* ViewController.m */; };
		3DB08F4C205CDC0300069ED0 /* Main.storyboard in Resources */ = {isa = PBXBuildFile; fileRef = 3DB08F4A205CDC0300069ED0 /* Main.storyboard */; };
		3DB08F4E205CDC0300069ED0 /* Assets.xcassets in Resources */ = {isa = PBXBuildFile; fileRef = 3DB08F4D205CDC0300069ED0 /* Assets.xcassets */; };
		3DB08F51205CDC0300069ED0 /* LaunchScreen.storyboard in Resources */ = {isa = PBXBuildFile; fileRef = 3DB08F4F205CDC0300069ED0 /* LaunchScreen.storyboard */; };
		3DB08F54205CDC0300069ED0 /* main.m in Sources */ = {isa = PBXBuildFile; fileRef = 3DB08F53205CDC0300069ED0 /* main.m */; };
		3DB08F5E205CDC0300069ED0 /* ____Tests.m in Sources */ = {isa = PBXBuildFile; fileRef = 3DB08F5D205CDC0300069ED0 /* ____Tests.m */; };
		3DB08F69205CDC0300069ED0 /* ____UITests.m in Sources */ = {isa = PBXBuildFile; fileRef = 3DB08F68205CDC0300069ED0 /* ____UITests.m */; };
/* End PBXBuildFile section */

/* Begin PBXContainerItemProxy section */
		3DB08F5A205CDC0300069ED0 /* PBXContainerItemProxy */ = {
			isa = PBXContainerItemProxy;
			containerPortal = 3DB08F39205CDC0300069ED0 /* Project object */;
			proxyType = 1;
			remoteGlobalIDString = 3DB08F40205CDC0300069ED0;
			remoteInfo = "图片下载";
		};
		3DB08F65205CDC0300069ED0 /* PBXContainerItemProxy */ = {
			isa = PBXContainerItemProxy;
			containerPortal = 3DB08F39205CDC0300069ED0 /* Project object */;
			proxyType = 1;
			remoteGlobalIDString = 3DB08F40205CDC0300069ED0;
			remoteInfo = "图片下载";
		};
/* End PBXContainerItemProxy section */

/* Begin PBXFileReference section */
		3DB08F41205CDC0300069ED0 /* 图片下载.app */ = {isa = PBXFileReference; explicitFileType = wrapper.application; includeInIndex = 0; path = "图片下载.app"; sourceTree = BUILT_PRODUCTS_DIR; };
		3DB08F44205CDC0300069ED0 /* AppDelegate.h */ = {isa = PBXFileReference; lastKnownFileType = sourcecode.c.h; path = AppDelegate.h; sourceTree = "<group>"; };
		3DB08F45205CDC0300069ED0 /* AppDelegate.m */ = {isa = PBXFileReference; lastKnownFileType = sourcecode.c.objc; path = AppDelegate.m; sourceTree = "<group>"; };
		3DB08F47205CDC0300069ED0 /* ViewController.h */ = {isa = PBXFileReference; lastKnownFileType = sourcecode.c.h; path = ViewController.h; sourceTree = "<group>"; };
		3DB08F48205CDC0300069ED0 /* ViewController.m */ = {isa = PBXFileReference; lastKnownFileType = sourcecode.c.objc; path = ViewController.m; sourceTree = "<group>"; };
		3DB08F4B205CDC0300069ED0 /* Base */ = {isa = PBXFileReference; lastKnownFileType = file.storyboard; name = Base; path = Base.lproj/Main.storyboard; sourceTree = "<group>"; };
		3DB08F4D205CDC0300069ED0 /* Assets.xcassets */ = {isa = PBXFileReference; lastKnownFileType = folder.assetcatalog; path = Assets.xcassets; sourceTree = "<group>"; };
		3DB08F50205CDC0300069ED0 /* Base */ = {isa = PBXFileReference; lastKnownFileType = file.storyboard; name = Base; path = Base.lproj/LaunchScreen.storyboard; sourceTree = "<group>"; };
		3DB08F52205CDC0300069ED0 /* Info.plist */ = {isa = PBXFileReference; lastKnownFileType = text.plist.xml; path = Info.plist; sourceTree = "<group>"; };
		3DB08F53205CDC0300069ED0 /* main.m */ = {isa = PBXFileReference; lastKnownFileType = sourcecode.c.objc; path = main.m; sourceTree = "<group>"; };
		3DB08F59205CDC0300069ED0 /* 图片下载Tests.xctest */ = {isa = PBXFileReference; explicitFileType = wrapper.cfbundle; includeInIndex = 0; path = "图片下载Tests.xctest"; sourceTree = BUILT_PRODUCTS_DIR; };
		3DB08F5D205CDC0300069ED0 /* ____Tests.m */ = {isa = PBXFileReference; lastKnownFileType = sourcecode.c.objc; path = "____Tests.m"; sourceTree = "<group>"; };
		3DB08F5F205CDC0300069ED0 /* Info.plist */ = {isa = PBXFileReference; lastKnownFileType = text.plist.xml; path = Info.plist; sourceTree = "<group>"; };
		3DB08F64205CDC0300069ED0 /* 图片下载UITests.xctest */ = {isa = PBXFileReference; explicitFileType = wrapper.cfbundle; includeInIndex = 0; path = "图片下载UITests.xctest"; sourceTree = BUILT_PRODUCTS_DIR; };
		3DB08F68205CDC0300069ED0 /* ____UITests.m */ = {isa = PBXFileReference; lastKnownFileType = sourcecode.c.objc; path = "____UITests.m"; sourceTree = "<group>"; };
		3DB08F6A205CDC0300069ED0 /* Info.plist */ = {isa = PBXFileReference; lastKnownFileType = text.plist.xml; path = Info.plist; sourceTree = "<group>"; };
/* End PBXFileReference section */

/* Begin PBXFrameworksBuildPhase section */
		3DB08F3E205CDC0300069ED0 /* Frameworks */ = {
			isa = PBXFrameworksBuildPhase;
			buildActionMask = 2147483647;
			files = (
			);
			runOnlyForDeploymentPostprocessing = 0;
		};
		3DB08F56205CDC0300069ED0 /* Frameworks */ = {
			isa = PBXFrameworksBuildPhase;
			buildActionMask = 2147483647;
			files = (
			);
			runOnlyForDeploymentPostprocessing = 0;
		};
		3DB08F61205CDC0300069ED0 /* Frameworks */ = {
			isa = PBXFrameworksBuildPhase;
			buildActionMask = 2147483647;
			files = (
			);
			runOnlyForDeploymentPostprocessing = 0;
		};
/* End PBXFrameworksBuildPhase section */

/* Begin PBXGroup section */
		3DB08F38205CDC0300069ED0 = {
			isa = PBXGroup;
			children = (
				3DB08F43205CDC0300069ED0 /* 图片下载 */,
				3DB08F5C205CDC0300069ED0 /* 图片下载Tests */,
				3DB08F67205CDC0300069ED0 /* 图片下载UITests */,
				3DB08F42205CDC0300069ED0 /* Products */,
			);
			sourceTree = "<group>";
		};
		3DB08F42205CDC0300069ED0 /* Products */ = {
			isa = PBXGroup;
			children = (
				3DB08F41205CDC0300069ED0 /* 图片下载.app */,
				3DB08F59205CDC0300069ED0 /* 图片下载Tests.xctest */,
				3DB08F64205CDC0300069ED0 /* 图片下载UITests.xctest */,
			);
			name = Products;
			sourceTree = "<group>";
		};
		3DB08F43205CDC0300069ED0 /* 图片下载 */ = {
			isa = PBXGroup;
			children = (
				3DB08F44205CDC0300069ED0 /* AppDelegate.h */,
				3DB08F45205CDC0300069ED0 /* AppDelegate.m */,
				3DB08F47205CDC0300069ED0 /* ViewController.h */,
				3DB08F48205CDC0300069ED0 /* ViewController.m */,
				3DB08F4A205CDC0300069ED0 /* Main.storyboard */,
				3DB08F4D205CDC0300069ED0 /* Assets.xcassets */,
				3DB08F4F205CDC0300069ED0 /* LaunchScreen.storyboard */,
				3DB08F52205CDC0300069ED0 /* Info.plist */,
				3DB08F53205CDC0300069ED0 /* main.m */,
			);
			path = "图片下载";
			sourceTree = "<group>";
		};
		3DB08F5C205CDC0300069ED0 /* 图片下载Tests */ = {
			isa = PBXGroup;
			children = (
				3DB08F5D205CDC0300069ED0 /* ____Tests.m */,
				3DB08F5F205CDC0300069ED0 /* Info.plist */,
			);
			path = "图片下载Tests";
			sourceTree = "<group>";
		};
		3DB08F67205CDC0300069ED0 /* 图片下载UITests */ = {
			isa = PBXGroup;
			children = (
				3DB08F68205CDC0300069ED0 /* ____UITests.m */,
				3DB08F6A205CDC0300069ED0 /* Info.plist */,
			);
			path = "图片下载UITests";
			sourceTree = "<group>";
		};
/* End PBXGroup section */

/* Begin PBXNativeTarget section */
		3DB08F40205CDC0300069ED0 /* 图片下载 */ = {
			isa = PBXNativeTarget;
			buildConfigurationList = 3DB08F6D205CDC0300069ED0 /* Build configuration list for PBXNativeTarget "图片下载" */;
			buildPhases = (
				3DB08F3D205CDC0300069ED0 /* Sources */,
				3DB08F3E205CDC0300069ED0 /* Frameworks */,
				3DB08F3F205CDC0300069ED0 /* Resources */,
			);
			buildRules = (
			);
			dependencies = (
			);
			name = "图片下载";
			productName = "图片下载";
			productReference = 3DB08F41205CDC0300069ED0 /* 图片下载.app */;
			productType = "com.apple.product-type.application";
		};
		3DB08F58205CDC0300069ED0 /* 图片下载Tests */ = {
			isa = PBXNativeTarget;
			buildConfigurationList = 3DB08F70205CDC0300069ED0 /* Build configuration list for PBXNativeTarget "图片下载Tests" */;
			buildPhases = (
				3DB08F55205CDC0300069ED0 /* Sources */,
				3DB08F56205CDC0300069ED0 /* Frameworks */,
				3DB08F57205CDC0300069ED0 /* Resources */,
			);
			buildRules = (
			);
			dependencies = (
				3DB08F5B205CDC0300069ED0 /* PBXTargetDependency */,
			);
			name = "图片下载Tests";
			productName = "图片下载Tests";
			productReference = 3DB08F59205CDC0300069ED0 /* 图片下载Tests.xctest */;
			productType = "com.apple.product-type.bundle.unit-test";
		};
		3DB08F63205CDC0300069ED0 /* 图片下载UITests */ = {
			isa = PBXNativeTarget;
			buildConfigurationList = 3DB08F73205CDC0300069ED0 /* Build configuration list for PBXNativeTarget "图片下载UITests" */;
			buildPhases = (
				3DB08F60205CDC0300069ED0 /* Sources */,
				3DB08F61205CDC0300069ED0 /* Frameworks */,
				3DB08F62205CDC0300069ED0 /* Resources */,
			);
			buildRules = (
			);
			dependencies = (
				3DB08F66205CDC0300069ED0 /* PBXTargetDependency */,
			);
			name = "图片下载UITests";
			productName = "图片下载UITests";
			productReference = 3DB08F64205CDC0300069ED0 /* 图片下载UITests.xctest */;
			productType = "com.apple.product-type.bundle.ui-testing";
		};
/* End PBXNativeTarget section */

/* Begin PBXProject section */
		3DB08F39205CDC0300069ED0 /* Project object */ = {
			isa = PBXProject;
			attributes = {
				LastUpgradeCheck = 0920;
				ORGANIZATIONNAME = William;
				TargetAttributes = {
					3DB08F40205CDC0300069ED0 = {
						CreatedOnToolsVersion = 9.2;
						ProvisioningStyle = Automatic;
					};
					3DB08F58205CDC0300069ED0 = {
						CreatedOnToolsVersion = 9.2;
						ProvisioningStyle = Automatic;
						TestTargetID = 3DB08F40205CDC0300069ED0;
					};
					3DB08F63205CDC0300069ED0 = {
						CreatedOnToolsVersion = 9.2;
						ProvisioningStyle = Automatic;
						TestTargetID = 3DB08F40205CDC0300069ED0;
					};
				};
			};
			buildConfigurationList = 3DB08F3C205CDC0300069ED0 /* Build configuration list for PBXProject "图片下载" */;
			compatibilityVersion = "Xcode 8.0";
			developmentRegion = en;
			hasScannedForEncodings = 0;
			knownRegions = (
				en,
				Base,
			);
			mainGroup = 3DB08F38205CDC0300069ED0;
			productRefGroup = 3DB08F42205CDC0300069ED0 /* Products */;
			projectDirPath = "";
			projectRoot = "";
			targets = (
				3DB08F40205CDC0300069ED0 /* 图片下载 */,
				3DB08F58205CDC0300069ED0 /* 图片下载Tests */,
				3DB08F63205CDC0300069ED0 /* 图片下载UITests */,
			);
		};
/* End PBXProject section */

/* Begin PBXResourcesBuildPhase section */
		3DB08F3F205CDC0300069ED0 /* Resources */ = {
			isa = PBXResourcesBuildPhase;
			buildActionMask = 2147483647;
			files = (
				3DB08F51205CDC0300069ED0 /* LaunchScreen.storyboard in Resources */,
				3DB08F4E205CDC0300069ED0 /* Assets.xcassets in Resources */,
				3DB08F4C205CDC0300069ED0 /* Main.storyboard in Resources */,
			);
			runOnlyForDeploymentPostprocessing = 0;
		};
		3DB08F57205CDC0300069ED0 /* Resources */ = {
			isa = PBXResourcesBuildPhase;
			buildActionMask = 2147483647;
			files = (
			);
			runOnlyForDeploymentPostprocessing = 0;
		};
		3DB08F62205CDC0300069ED0 /* Resources */ = {
			isa = PBXResourcesBuildPhase;
			buildActionMask = 2147483647;
			files = (
			);
			runOnlyForDeploymentPostprocessing = 0;
		};
/* End PBXResourcesBuildPhase section */

/* Begin PBXSourcesBuildPhase section */
		3DB08F3D205CDC0300069ED0 /* Sources */ = {
			isa = PBXSourcesBuildPhase;
			buildActionMask = 2147483647;
			files = (
				3DB08F49205CDC0300069ED0 /* ViewController.m in Sources */,
				3DB08F54205CDC0300069ED0 /* main.m in Sources */,
				3DB08F46205CDC0300069ED0 /* AppDelegate.m in Sources */,
			);
			runOnlyForDeploymentPostprocessing = 0;
		};
		3DB08F55205CDC0300069ED0 /* Sources */ = {
			isa = PBXSourcesBuildPhase;
			buildActionMask = 2147483647;
			files = (
				3DB08F5E205CDC0300069ED0 /* ____Tests.m in Sources */,
			);
			runOnlyForDeploymentPostprocessing = 0;
		};
		3DB08F60205CDC0300069ED0 /* Sources */ = {
			isa = PBXSourcesBuildPhase;
			buildActionMask = 2147483647;
			files = (
				3DB08F69205CDC0300069ED0 /* ____UITests.m in Sources */,
			);
			runOnlyForDeploymentPostprocessing = 0;
		};
/* End PBXSourcesBuildPhase section */

/* Begin PBXTargetDependency section */
		3DB08F5B205CDC0300069ED0 /* PBXTargetDependency */ = {
			isa = PBXTargetDependency;
			target = 3DB08F40205CDC0300069ED0 /* 图片下载 */;
			targetProxy = 3DB08F5A205CDC0300069ED0 /* PBXContainerItemProxy */;
		};
		3DB08F66205CDC0300069ED0 /* PBXTargetDependency */ = {
			isa = PBXTargetDependency;
			target = 3DB08F40205CDC0300069ED0 /* 图片下载 */;
			targetProxy = 3DB08F65205CDC0300069ED0 /* PBXContainerItemProxy */;
		};
/* End PBXTargetDependency section */

/* Begin PBXVariantGroup section */
		3DB08F4A205CDC0300069ED0 /* Main.storyboard */ = {
			isa = PBXVariantGroup;
			children = (
				3DB08F4B205CDC0300069ED0 /* Base */,
			);
			name = Main.storyboard;
			sourceTree = "<group>";
		};
		3DB08F4F205CDC0300069ED0 /* LaunchScreen.storyboard */ = {
			isa = PBXVariantGroup;
			children = (
				3DB08F50205CDC0300069ED0 /* Base */,
			);
			name = LaunchScreen.storyboard;
			sourceTree = "<group>";
		};
/* End PBXVariantGroup section */

/* Begin XCBuildConfiguration section */
		3DB08F6B205CDC0300069ED0 /* Debug */ = {
			isa = XCBuildConfiguration;
			buildSettings = {
				ALWAYS_SEARCH_USER_PATHS = NO;
				CLANG_ANALYZER_NONNULL = YES;
				CLANG_ANALYZER_NUMBER_OBJECT_CONVERSION = YES_AGGRESSIVE;
				CLANG_CXX_LANGUAGE_STANDARD = "gnu++14";
				CLANG_CXX_LIBRARY = "libc++";
				CLANG_ENABLE_MODULES = YES;
				CLANG_ENABLE_OBJC_ARC = YES;
				CLANG_WARN_BLOCK_CAPTURE_AUTORELEASING = YES;
				CLANG_WARN_BOOL_CONVERSION = YES;
				CLANG_WARN_COMMA = YES;
				CLANG_WARN_CONSTANT_CONVERSION = YES;
				CLANG_WARN_DIRECT_OBJC_ISA_USAGE = YES_ERROR;
				CLANG_WARN_DOCUMENTATION_COMMENTS = YES;
				CLANG_WARN_EMPTY_BODY = YES;
				CLANG_WARN_ENUM_CONVERSION = YES;
				CLANG_WARN_INFINITE_RECURSION = YES;
				CLANG_WARN_INT_CONVERSION = YES;
				CLANG_WARN_NON_LITERAL_NULL_CONVERSION = YES;
				CLANG_WARN_OBJC_LITERAL_CONVERSION = YES;
				CLANG_WARN_OBJC_ROOT_CLASS = YES_ERROR;
				CLANG_WARN_RANGE_LOOP_ANALYSIS = YES;
				CLANG_WARN_STRICT_PROTOTYPES = YES;
				CLANG_WARN_SUSPICIOUS_MOVE = YES;
				CLANG_WARN_UNGUARDED_AVAILABILITY = YES_AGGRESSIVE;
				CLANG_WARN_UNREACHABLE_CODE = YES;
				CLANG_WARN__DUPLICATE_METHOD_MATCH = YES;
				CODE_SIGN_IDENTITY = "iPhone Developer";
				COPY_PHASE_STRIP = NO;
				DEBUG_INFORMATION_FORMAT = dwarf;
				ENABLE_STRICT_OBJC_MSGSEND = YES;
				ENABLE_TESTABILITY = YES;
				GCC_C_LANGUAGE_STANDARD = gnu11;
				GCC_DYNAMIC_NO_PIC = NO;
				GCC_NO_COMMON_BLOCKS = YES;
				GCC_OPTIMIZATION_LEVEL = 0;
				GCC_PREPROCESSOR_DEFINITIONS = (
					"DEBUG=1",
					"$(inherited)",
				);
				GCC_WARN_64_TO_32_BIT_CONVERSION = YES;
				GCC_WARN_ABOUT_RETURN_TYPE = YES_ERROR;
				GCC_WARN_UNDECLARED_SELECTOR = YES;
				GCC_WARN_UNINITIALIZED_AUTOS = YES_AGGRESSIVE;
				GCC_WARN_UNUSED_FUNCTION = YES;
				GCC_WARN_UNUSED_VARIABLE = YES;
				IPHONEOS_DEPLOYMENT_TARGET = 11.2;
				MTL_ENABLE_DEBUG_INFO = YES;
				ONLY_ACTIVE_ARCH = YES;
				SDKROOT = iphoneos;
			};
			name = Debug;
		};
		3DB08F6C205CDC0300069ED0 /* Release */ = {
			isa = XCBuildConfiguration;
			buildSettings = {
				ALWAYS_SEARCH_USER_PATHS = NO;
				CLANG_ANALYZER_NONNULL = YES;
				CLANG_ANALYZER_NUMBER_OBJECT_CONVERSION = YES_AGGRESSIVE;
				CLANG_CXX_LANGUAGE_STANDARD = "gnu++14";
				CLANG_CXX_LIBRARY = "libc++";
				CLANG_ENABLE_MODULES = YES;
				CLANG_ENABLE_OBJC_ARC = YES;
				CLANG_WARN_BLOCK_CAPTURE_AUTORELEASING = YES;
				CLANG_WARN_BOOL_CONVERSION = YES;
				CLANG_WARN_COMMA = YES;
				CLANG_WARN_CONSTANT_CONVERSION = YES;
				CLANG_WARN_DIRECT_OBJC_ISA_USAGE = YES_ERROR;
				CLANG_WARN_DOCUMENTATION_COMMENTS = YES;
				CLANG_WARN_EMPTY_BODY = YES;
				CLANG_WARN_ENUM_CONVERSION = YES;
				CLANG_WARN_INFINITE_RECURSION = YES;
				CLANG_WARN_INT_CONVERSION = YES;
				CLANG_WARN_NON_LITERAL_NULL_CONVERSION = YES;
				CLANG_WARN_OBJC_LITERAL_CONVERSION = YES;
				CLANG_WARN_OBJC_ROOT_CLASS = YES_ERROR;
				CLANG_WARN_RANGE_LOOP_ANALYSIS = YES;
				CLANG_WARN_STRICT_PROTOTYPES = YES;
				CLANG_WARN_SUSPICIOUS_MOVE = YES;
				CLANG_WARN_UNGUARDED_AVAILABILITY = YES_AGGRESSIVE;
				CLANG_WARN_UNREACHABLE_CODE = YES;
				CLANG_WARN__DUPLICATE_METHOD_MATCH = YES;
				CODE_SIGN_IDENTITY = "iPhone Developer";
				COPY_PHASE_STRIP = NO;
				DEBUG_INFORMATION_FORMAT = "dwarf-with-dsym";
				ENABLE_NS_ASSERTIONS = NO;
				ENABLE_STRICT_OBJC_MSGSEND = YES;
				GCC_C_LANGUAGE_STANDARD = gnu11;
				GCC_NO_COMMON_BLOCKS = YES;
				GCC_WARN_64_TO_32_BIT_CONVERSION = YES;
				GCC_WARN_ABOUT_RETURN_TYPE = YES_ERROR;
				GCC_WARN_UNDECLARED_SELECTOR = YES;
				GCC_WARN_UNINITIALIZED_AUTOS = YES_AGGRESSIVE;
				GCC_WARN_UNUSED_FUNCTION = YES;
				GCC_WARN_UNUSED_VARIABLE = YES;
				IPHONEOS_DEPLOYMENT_TARGET = 11.2;
				MTL_ENABLE_DEBUG_INFO = NO;
				SDKROOT = iphoneos;
				VALIDATE_PRODUCT = YES;
			};
			name = Release;
		};
		3DB08F6E205CDC0300069ED0 /* Debug */ = {
			isa = XCBuildConfiguration;
			buildSettings = {
				ASSETCATALOG_COMPILER_APPICON_NAME = AppIcon;
				CODE_SIGN_STYLE = Automatic;
				DEVELOPMENT_TEAM = 66P5YQE4X8;
				INFOPLIST_FILE = "图片下载/Info.plist";
				LD_RUNPATH_SEARCH_PATHS = "$(inherited) @executable_path/Frameworks";
				PRODUCT_BUNDLE_IDENTIFIER = "William.----";
				PRODUCT_NAME = "$(TARGET_NAME)";
				TARGETED_DEVICE_FAMILY = "1,2";
			};
			name = Debug;
		};
		3DB08F6F205CDC0300069ED0 /* Release */ = {
			isa = XCBuildConfiguration;
			buildSettings = {
				ASSETCATALOG_COMPILER_APPICON_NAME = AppIcon;
				CODE_SIGN_STYLE = Automatic;
				DEVELOPMENT_TEAM = 66P5YQE4X8;
				INFOPLIST_FILE = "图片下载/Info.plist";
				LD_RUNPATH_SEARCH_PATHS = "$(inherited) @executable_path/Frameworks";
				PRODUCT_BUNDLE_IDENTIFIER = "William.----";
				PRODUCT_NAME = "$(TARGET_NAME)";
				TARGETED_DEVICE_FAMILY = "1,2";
			};
			name = Release;
		};
		3DB08F71205CDC0300069ED0 /* Debug */ = {
			isa = XCBuildConfiguration;
			buildSettings = {
				BUNDLE_LOADER = "$(TEST_HOST)";
				CODE_SIGN_STYLE = Automatic;
				DEVELOPMENT_TEAM = 66P5YQE4X8;
				INFOPLIST_FILE = "图片下载Tests/Info.plist";
				LD_RUNPATH_SEARCH_PATHS = "$(inherited) @executable_path/Frameworks @loader_path/Frameworks";
				PRODUCT_BUNDLE_IDENTIFIER = "William.----Tests";
				PRODUCT_NAME = "$(TARGET_NAME)";
				TARGETED_DEVICE_FAMILY = "1,2";
				TEST_HOST = "$(BUILT_PRODUCTS_DIR)/图片下载.app/图片下载";
			};
			name = Debug;
		};
		3DB08F72205CDC0300069ED0 /* Release */ = {
			isa = XCBuildConfiguration;
			buildSettings = {
				BUNDLE_LOADER = "$(TEST_HOST)";
				CODE_SIGN_STYLE = Automatic;
				DEVELOPMENT_TEAM = 66P5YQE4X8;
				INFOPLIST_FILE = "图片下载Tests/Info.plist";
				LD_RUNPATH_SEARCH_PATHS = "$(inherited) @executable_path/Frameworks @loader_path/Frameworks";
				PRODUCT_BUNDLE_IDENTIFIER = "William.----Tests";
				PRODUCT_NAME = "$(TARGET_NAME)";
				TARGETED_DEVICE_FAMILY = "1,2";
				TEST_HOST = "$(BUILT_PRODUCTS_DIR)/图片下载.app/图片下载";
			};
			name = Release;
		};
		3DB08F74205CDC0300069ED0 /* Debug */ = {
			isa = XCBuildConfiguration;
			buildSettings = {
				CODE_SIGN_STYLE = Automatic;
				DEVELOPMENT_TEAM = 66P5YQE4X8;
				INFOPLIST_FILE = "图片下载UITests/Info.plist";
				LD_RUNPATH_SEARCH_PATHS = "$(inherited) @executable_path/Frameworks @loader_path/Frameworks";
				PRODUCT_BUNDLE_IDENTIFIER = "William.----UITests";
				PRODUCT_NAME = "$(TARGET_NAME)";
				TARGETED_DEVICE_FAMILY = "1,2";
				TEST_TARGET_NAME = "图片下载";
			};
			name = Debug;
		};
		3DB08F75205CDC0300069ED0 /* Release */ = {
			isa = XCBuildConfiguration;
			buildSettings = {
				CODE_SIGN_STYLE = Automatic;
				DEVELOPMENT_TEAM = 66P5YQE4X8;
				INFOPLIST_FILE = "图片下载UITests/Info.plist";
				LD_RUNPATH_SEARCH_PATHS = "$(inherited) @executable_path/Frameworks @loader_path/Frameworks";
				PRODUCT_BUNDLE_IDENTIFIER = "William.----UITests";
				PRODUCT_NAME = "$(TARGET_NAME)";
				TARGETED_DEVICE_FAMILY = "1,2";
				TEST_TARGET_NAME = "图片下载";
			};
			name = Release;
		};
/* End XCBuildConfiguration section */

/* Begin XCConfigurationList section */
		3DB08F3C205CDC0300069ED0 /* Build configuration list for PBXProject "图片下载" */ = {
			isa = XCConfigurationList;
			buildConfigurations = (
				3DB08F6B205CDC0300069ED0 /* Debug */,
				3DB08F6C205CDC0300069ED0 /* Release */,
			);
			defaultConfigurationIsVisible = 0;
			defaultConfigurationName = Release;
		};
		3DB08F6D205CDC0300069ED0 /* Build configuration list for PBXNativeTarget "图片下载" */ = {
			isa = XCConfigurationList;
			buildConfigurations = (
				3DB08F6E205CDC0300069ED0 /* Debug */,
				3DB08F6F205CDC0300069ED0 /* Release */,
			);
			defaultConfigurationIsVisible = 0;
			defaultConfigurationName = Release;
		};
		3DB08F70205CDC0300069ED0 /* Build configuration list for PBXNativeTarget "图片下载Tests" */ = {
			isa = XCConfigurationList;
			buildConfigurations = (
				3DB08F71205CDC0300069ED0 /* Debug */,
				3DB08F72205CDC0300069ED0 /* Release */,
			);
			defaultConfigurationIsVisible = 0;
			defaultConfigurationName = Release;
		};
		3DB08F73205CDC0300069ED0 /* Build configuration list for PBXNativeTarget "图片下载UITests" */ = {
			isa = XCConfigurationList;
			buildConfigurations = (
				3DB08F74205CDC0300069ED0 /* Debug */,
				3DB08F75205CDC0300069ED0 /* Release */,
			);
			defaultConfigurationIsVisible = 0;
			defaultConfigurationName = Release;
		};
/* End XCConfigurationList section */
	};
	rootObject = 3DB08F39205CDC0300069ED0 /* Project object */;
}
