// !$*UTF8*$!
{
	archiveVersion = 1;
	classes = {
	};
	objectVersion = 48;
	objects = {

/* Begin PBXBuildFile section */
		3DD41D4C1FF6A5BC00E495D6 /* AppDelegate.m in Sources */ = {isa = PBXBuildFile; fileRef = 3DD41D4B1FF6A5BC00E495D6 /* AppDelegate.m */; };
		3DD41D4F1FF6A5BC00E495D6 /* ViewController.m in Sources */ = {isa = PBXBuildFile; fileRef = 3DD41D4E1FF6A5BC00E495D6 /* ViewController.m */; };
		3DD41D521FF6A5BC00E495D6 /* Main.storyboard in Resources */ = {isa = PBXBuildFile; fileRef = 3DD41D501FF6A5BC00E495D6 /* Main.storyboard */; };
		3DD41D541FF6A5BC00E495D6 /* Assets.xcassets in Resources */ = {isa = PBXBuildFile; fileRef = 3DD41D531FF6A5BC00E495D6 /* Assets.xcassets */; };
		3DD41D571FF6A5BC00E495D6 /* LaunchScreen.storyboard in Resources */ = {isa = PBXBuildFile; fileRef = 3DD41D551FF6A5BC00E495D6 /* LaunchScreen.storyboard */; };
		3DD41D5A1FF6A5BC00E495D6 /* main.m in Sources */ = {isa = PBXBuildFile; fileRef = 3DD41D591FF6A5BC00E495D6 /* main.m */; };
		3DD41D641FF6A5BC00E495D6 /* _____________Tests.m in Sources */ = {isa = PBXBuildFile; fileRef = 3DD41D631FF6A5BC00E495D6 /* _____________Tests.m */; };
		3DD41D6F1FF6A5BC00E495D6 /* _____________UITests.m in Sources */ = {isa = PBXBuildFile; fileRef = 3DD41D6E1FF6A5BC00E495D6 /* _____________UITests.m */; };
		3DD41D7F1FF6A77500E495D6 /* LoginViewController.m in Sources */ = {isa = PBXBuildFile; fileRef = 3DD41D7D1FF6A77500E495D6 /* LoginViewController.m */; };
		3DD41D801FF6A77500E495D6 /* LoginViewController.xib in Resources */ = {isa = PBXBuildFile; fileRef = 3DD41D7E1FF6A77500E495D6 /* LoginViewController.xib */; };
		3DF98CF71FF7BA72004021B7 /* UsersViewController.m in Sources */ = {isa = PBXBuildFile; fileRef = 3DF98CF51FF7BA72004021B7 /* UsersViewController.m */; };
		3DF98CF81FF7BA72004021B7 /* UsersViewController.xib in Resources */ = {isa = PBXBuildFile; fileRef = 3DF98CF61FF7BA72004021B7 /* UsersViewController.xib */; };
/* End PBXBuildFile section */

/* Begin PBXContainerItemProxy section */
		3DD41D601FF6A5BC00E495D6 /* PBXContainerItemProxy */ = {
			isa = PBXContainerItemProxy;
			containerPortal = 3DD41D3F1FF6A5BC00E495D6 /* Project object */;
			proxyType = 1;
			remoteGlobalIDString = 3DD41D461FF6A5BC00E495D6;
			remoteInfo = "登录界面及跳转（代码实现）";
		};
		3DD41D6B1FF6A5BC00E495D6 /* PBXContainerItemProxy */ = {
			isa = PBXContainerItemProxy;
			containerPortal = 3DD41D3F1FF6A5BC00E495D6 /* Project object */;
			proxyType = 1;
			remoteGlobalIDString = 3DD41D461FF6A5BC00E495D6;
			remoteInfo = "登录界面及跳转（代码实现）";
		};
/* End PBXContainerItemProxy section */

/* Begin PBXFileReference section */
		3DD41D471FF6A5BC00E495D6 /* 登录界面及跳转（代码实现）.app */ = {isa = PBXFileReference; explicitFileType = wrapper.application; includeInIndex = 0; path = "登录界面及跳转（代码实现）.app"; sourceTree = BUILT_PRODUCTS_DIR; };
		3DD41D4A1FF6A5BC00E495D6 /* AppDelegate.h */ = {isa = PBXFileReference; lastKnownFileType = sourcecode.c.h; path = AppDelegate.h; sourceTree = "<group>"; };
		3DD41D4B1FF6A5BC00E495D6 /* AppDelegate.m */ = {isa = PBXFileReference; lastKnownFileType = sourcecode.c.objc; path = AppDelegate.m; sourceTree = "<group>"; };
		3DD41D4D1FF6A5BC00E495D6 /* ViewController.h */ = {isa = PBXFileReference; lastKnownFileType = sourcecode.c.h; path = ViewController.h; sourceTree = "<group>"; };
		3DD41D4E1FF6A5BC00E495D6 /* ViewController.m */ = {isa = PBXFileReference; lastKnownFileType = sourcecode.c.objc; path = ViewController.m; sourceTree = "<group>"; };
		3DD41D511FF6A5BC00E495D6 /* Base */ = {isa = PBXFileReference; lastKnownFileType = file.storyboard; name = Base; path = Base.lproj/Main.storyboard; sourceTree = "<group>"; };
		3DD41D531FF6A5BC00E495D6 /* Assets.xcassets */ = {isa = PBXFileReference; lastKnownFileType = folder.assetcatalog; path = Assets.xcassets; sourceTree = "<group>"; };
		3DD41D561FF6A5BC00E495D6 /* Base */ = {isa = PBXFileReference; lastKnownFileType = file.storyboard; name = Base; path = Base.lproj/LaunchScreen.storyboard; sourceTree = "<group>"; };
		3DD41D581FF6A5BC00E495D6 /* Info.plist */ = {isa = PBXFileReference; lastKnownFileType = text.plist.xml; path = Info.plist; sourceTree = "<group>"; };
		3DD41D591FF6A5BC00E495D6 /* main.m */ = {isa = PBXFileReference; lastKnownFileType = sourcecode.c.objc; path = main.m; sourceTree = "<group>"; };
		3DD41D5F1FF6A5BC00E495D6 /* 登录界面及跳转（代码实现）Tests.xctest */ = {isa = PBXFileReference; explicitFileType = wrapper.cfbundle; includeInIndex = 0; path = "登录界面及跳转（代码实现）Tests.xctest"; sourceTree = BUILT_PRODUCTS_DIR; };
		3DD41D631FF6A5BC00E495D6 /* _____________Tests.m */ = {isa = PBXFileReference; lastKnownFileType = sourcecode.c.objc; path = "_____________Tests.m"; sourceTree = "<group>"; };
		3DD41D651FF6A5BC00E495D6 /* Info.plist */ = {isa = PBXFileReference; lastKnownFileType = text.plist.xml; path = Info.plist; sourceTree = "<group>"; };
		3DD41D6A1FF6A5BC00E495D6 /* 登录界面及跳转（代码实现）UITests.xctest */ = {isa = PBXFileReference; explicitFileType = wrapper.cfbundle; includeInIndex = 0; path = "登录界面及跳转（代码实现）UITests.xctest"; sourceTree = BUILT_PRODUCTS_DIR; };
		3DD41D6E1FF6A5BC00E495D6 /* _____________UITests.m */ = {isa = PBXFileReference; lastKnownFileType = sourcecode.c.objc; path = "_____________UITests.m"; sourceTree = "<group>"; };
		3DD41D701FF6A5BC00E495D6 /* Info.plist */ = {isa = PBXFileReference; lastKnownFileType = text.plist.xml; path = Info.plist; sourceTree = "<group>"; };
		3DD41D7C1FF6A77500E495D6 /* LoginViewController.h */ = {isa = PBXFileReference; lastKnownFileType = sourcecode.c.h; path = LoginViewController.h; sourceTree = "<group>"; };
		3DD41D7D1FF6A77500E495D6 /* LoginViewController.m */ = {isa = PBXFileReference; lastKnownFileType = sourcecode.c.objc; path = LoginViewController.m; sourceTree = "<group>"; };
		3DD41D7E1FF6A77500E495D6 /* LoginViewController.xib */ = {isa = PBXFileReference; lastKnownFileType = file.xib; path = LoginViewController.xib; sourceTree = "<group>"; };
		3DF98CF41FF7BA72004021B7 /* UsersViewController.h */ = {isa = PBXFileReference; lastKnownFileType = sourcecode.c.h; path = UsersViewController.h; sourceTree = "<group>"; };
		3DF98CF51FF7BA72004021B7 /* UsersViewController.m */ = {isa = PBXFileReference; lastKnownFileType = sourcecode.c.objc; path = UsersViewController.m; sourceTree = "<group>"; };
		3DF98CF61FF7BA72004021B7 /* UsersViewController.xib */ = {isa = PBXFileReference; lastKnownFileType = file.xib; path = UsersViewController.xib; sourceTree = "<group>"; };
/* End PBXFileReference section */

/* Begin PBXFrameworksBuildPhase section */
		3DD41D441FF6A5BC00E495D6 /* Frameworks */ = {
			isa = PBXFrameworksBuildPhase;
			buildActionMask = 2147483647;
			files = (
			);
			runOnlyForDeploymentPostprocessing = 0;
		};
		3DD41D5C1FF6A5BC00E495D6 /* Frameworks */ = {
			isa = PBXFrameworksBuildPhase;
			buildActionMask = 2147483647;
			files = (
			);
			runOnlyForDeploymentPostprocessing = 0;
		};
		3DD41D671FF6A5BC00E495D6 /* Frameworks */ = {
			isa = PBXFrameworksBuildPhase;
			buildActionMask = 2147483647;
			files = (
			);
			runOnlyForDeploymentPostprocessing = 0;
		};
/* End PBXFrameworksBuildPhase section */

/* Begin PBXGroup section */
		3DD41D3E1FF6A5BC00E495D6 = {
			isa = PBXGroup;
			children = (
				3DD41D491FF6A5BC00E495D6 /* 登录界面及跳转（代码实现） */,
				3DD41D621FF6A5BC00E495D6 /* 登录界面及跳转（代码实现）Tests */,
				3DD41D6D1FF6A5BC00E495D6 /* 登录界面及跳转（代码实现）UITests */,
				3DD41D481FF6A5BC00E495D6 /* Products */,
			);
			sourceTree = "<group>";
		};
		3DD41D481FF6A5BC00E495D6 /* Products */ = {
			isa = PBXGroup;
			children = (
				3DD41D471FF6A5BC00E495D6 /* 登录界面及跳转（代码实现）.app */,
				3DD41D5F1FF6A5BC00E495D6 /* 登录界面及跳转（代码实现）Tests.xctest */,
				3DD41D6A1FF6A5BC00E495D6 /* 登录界面及跳转（代码实现）UITests.xctest */,
			);
			name = Products;
			sourceTree = "<group>";
		};
		3DD41D491FF6A5BC00E495D6 /* 登录界面及跳转（代码实现） */ = {
			isa = PBXGroup;
			children = (
				3DD41D4A1FF6A5BC00E495D6 /* AppDelegate.h */,
				3DD41D4B1FF6A5BC00E495D6 /* AppDelegate.m */,
				3DD41D4D1FF6A5BC00E495D6 /* ViewController.h */,
				3DD41D4E1FF6A5BC00E495D6 /* ViewController.m */,
				3DD41D7C1FF6A77500E495D6 /* LoginViewController.h */,
				3DD41D7D1FF6A77500E495D6 /* LoginViewController.m */,
				3DD41D7E1FF6A77500E495D6 /* LoginViewController.xib */,
				3DF98CF41FF7BA72004021B7 /* UsersViewController.h */,
				3DF98CF51FF7BA72004021B7 /* UsersViewController.m */,
				3DF98CF61FF7BA72004021B7 /* UsersViewController.xib */,
				3DD41D501FF6A5BC00E495D6 /* Main.storyboard */,
				3DD41D531FF6A5BC00E495D6 /* Assets.xcassets */,
				3DD41D551FF6A5BC00E495D6 /* LaunchScreen.storyboard */,
				3DD41D581FF6A5BC00E495D6 /* Info.plist */,
				3DD41D591FF6A5BC00E495D6 /* main.m */,
			);
			path = "登录界面及跳转（代码实现）";
			sourceTree = "<group>";
		};
		3DD41D621FF6A5BC00E495D6 /* 登录界面及跳转（代码实现）Tests */ = {
			isa = PBXGroup;
			children = (
				3DD41D631FF6A5BC00E495D6 /* _____________Tests.m */,
				3DD41D651FF6A5BC00E495D6 /* Info.plist */,
			);
			path = "登录界面及跳转（代码实现）Tests";
			sourceTree = "<group>";
		};
		3DD41D6D1FF6A5BC00E495D6 /* 登录界面及跳转（代码实现）UITests */ = {
			isa = PBXGroup;
			children = (
				3DD41D6E1FF6A5BC00E495D6 /* _____________UITests.m */,
				3DD41D701FF6A5BC00E495D6 /* Info.plist */,
			);
			path = "登录界面及跳转（代码实现）UITests";
			sourceTree = "<group>";
		};
/* End PBXGroup section */

/* Begin PBXNativeTarget section */
		3DD41D461FF6A5BC00E495D6 /* 登录界面及跳转（代码实现） */ = {
			isa = PBXNativeTarget;
			buildConfigurationList = 3DD41D731FF6A5BC00E495D6 /* Build configuration list for PBXNativeTarget "登录界面及跳转（代码实现）" */;
			buildPhases = (
				3DD41D431FF6A5BC00E495D6 /* Sources */,
				3DD41D441FF6A5BC00E495D6 /* Frameworks */,
				3DD41D451FF6A5BC00E495D6 /* Resources */,
			);
			buildRules = (
			);
			dependencies = (
			);
			name = "登录界面及跳转（代码实现）";
			productName = "登录界面及跳转（代码实现）";
			productReference = 3DD41D471FF6A5BC00E495D6 /* 登录界面及跳转（代码实现）.app */;
			productType = "com.apple.product-type.application";
		};
		3DD41D5E1FF6A5BC00E495D6 /* 登录界面及跳转（代码实现）Tests */ = {
			isa = PBXNativeTarget;
			buildConfigurationList = 3DD41D761FF6A5BC00E495D6 /* Build configuration list for PBXNativeTarget "登录界面及跳转（代码实现）Tests" */;
			buildPhases = (
				3DD41D5B1FF6A5BC00E495D6 /* Sources */,
				3DD41D5C1FF6A5BC00E495D6 /* Frameworks */,
				3DD41D5D1FF6A5BC00E495D6 /* Resources */,
			);
			buildRules = (
			);
			dependencies = (
				3DD41D611FF6A5BC00E495D6 /* PBXTargetDependency */,
			);
			name = "登录界面及跳转（代码实现）Tests";
			productName = "登录界面及跳转（代码实现）Tests";
			productReference = 3DD41D5F1FF6A5BC00E495D6 /* 登录界面及跳转（代码实现）Tests.xctest */;
			productType = "com.apple.product-type.bundle.unit-test";
		};
		3DD41D691FF6A5BC00E495D6 /* 登录界面及跳转（代码实现）UITests */ = {
			isa = PBXNativeTarget;
			buildConfigurationList = 3DD41D791FF6A5BC00E495D6 /* Build configuration list for PBXNativeTarget "登录界面及跳转（代码实现）UITests" */;
			buildPhases = (
				3DD41D661FF6A5BC00E495D6 /* Sources */,
				3DD41D671FF6A5BC00E495D6 /* Frameworks */,
				3DD41D681FF6A5BC00E495D6 /* Resources */,
			);
			buildRules = (
			);
			dependencies = (
				3DD41D6C1FF6A5BC00E495D6 /* PBXTargetDependency */,
			);
			name = "登录界面及跳转（代码实现）UITests";
			productName = "登录界面及跳转（代码实现）UITests";
			productReference = 3DD41D6A1FF6A5BC00E495D6 /* 登录界面及跳转（代码实现）UITests.xctest */;
			productType = "com.apple.product-type.bundle.ui-testing";
		};
/* End PBXNativeTarget section */

/* Begin PBXProject section */
		3DD41D3F1FF6A5BC00E495D6 /* Project object */ = {
			isa = PBXProject;
			attributes = {
				LastUpgradeCheck = 0900;
				ORGANIZATIONNAME = William;
				TargetAttributes = {
					3DD41D461FF6A5BC00E495D6 = {
						CreatedOnToolsVersion = 9.0;
						ProvisioningStyle = Automatic;
					};
					3DD41D5E1FF6A5BC00E495D6 = {
						CreatedOnToolsVersion = 9.0;
						ProvisioningStyle = Automatic;
						TestTargetID = 3DD41D461FF6A5BC00E495D6;
					};
					3DD41D691FF6A5BC00E495D6 = {
						CreatedOnToolsVersion = 9.0;
						ProvisioningStyle = Automatic;
						TestTargetID = 3DD41D461FF6A5BC00E495D6;
					};
				};
			};
			buildConfigurationList = 3DD41D421FF6A5BC00E495D6 /* Build configuration list for PBXProject "登录界面及跳转（代码实现）" */;
			compatibilityVersion = "Xcode 8.0";
			developmentRegion = en;
			hasScannedForEncodings = 0;
			knownRegions = (
				en,
				Base,
			);
			mainGroup = 3DD41D3E1FF6A5BC00E495D6;
			productRefGroup = 3DD41D481FF6A5BC00E495D6 /* Products */;
			projectDirPath = "";
			projectRoot = "";
			targets = (
				3DD41D461FF6A5BC00E495D6 /* 登录界面及跳转（代码实现） */,
				3DD41D5E1FF6A5BC00E495D6 /* 登录界面及跳转（代码实现）Tests */,
				3DD41D691FF6A5BC00E495D6 /* 登录界面及跳转（代码实现）UITests */,
			);
		};
/* End PBXProject section */

/* Begin PBXResourcesBuildPhase section */
		3DD41D451FF6A5BC00E495D6 /* Resources */ = {
			isa = PBXResourcesBuildPhase;
			buildActionMask = 2147483647;
			files = (
				3DF98CF81FF7BA72004021B7 /* UsersViewController.xib in Resources */,
				3DD41D801FF6A77500E495D6 /* LoginViewController.xib in Resources */,
				3DD41D571FF6A5BC00E495D6 /* LaunchScreen.storyboard in Resources */,
				3DD41D541FF6A5BC00E495D6 /* Assets.xcassets in Resources */,
				3DD41D521FF6A5BC00E495D6 /* Main.storyboard in Resources */,
			);
			runOnlyForDeploymentPostprocessing = 0;
		};
		3DD41D5D1FF6A5BC00E495D6 /* Resources */ = {
			isa = PBXResourcesBuildPhase;
			buildActionMask = 2147483647;
			files = (
			);
			runOnlyForDeploymentPostprocessing = 0;
		};
		3DD41D681FF6A5BC00E495D6 /* Resources */ = {
			isa = PBXResourcesBuildPhase;
			buildActionMask = 2147483647;
			files = (
			);
			runOnlyForDeploymentPostprocessing = 0;
		};
/* End PBXResourcesBuildPhase section */

/* Begin PBXSourcesBuildPhase section */
		3DD41D431FF6A5BC00E495D6 /* Sources */ = {
			isa = PBXSourcesBuildPhase;
			buildActionMask = 2147483647;
			files = (
				3DD41D7F1FF6A77500E495D6 /* LoginViewController.m in Sources */,
				3DF98CF71FF7BA72004021B7 /* UsersViewController.m in Sources */,
				3DD41D4F1FF6A5BC00E495D6 /* ViewController.m in Sources */,
				3DD41D5A1FF6A5BC00E495D6 /* main.m in Sources */,
				3DD41D4C1FF6A5BC00E495D6 /* AppDelegate.m in Sources */,
			);
			runOnlyForDeploymentPostprocessing = 0;
		};
		3DD41D5B1FF6A5BC00E495D6 /* Sources */ = {
			isa = PBXSourcesBuildPhase;
			buildActionMask = 2147483647;
			files = (
				3DD41D641FF6A5BC00E495D6 /* _____________Tests.m in Sources */,
			);
			runOnlyForDeploymentPostprocessing = 0;
		};
		3DD41D661FF6A5BC00E495D6 /* Sources */ = {
			isa = PBXSourcesBuildPhase;
			buildActionMask = 2147483647;
			files = (
				3DD41D6F1FF6A5BC00E495D6 /* _____________UITests.m in Sources */,
			);
			runOnlyForDeploymentPostprocessing = 0;
		};
/* End PBXSourcesBuildPhase section */

/* Begin PBXTargetDependency section */
		3DD41D611FF6A5BC00E495D6 /* PBXTargetDependency */ = {
			isa = PBXTargetDependency;
			target = 3DD41D461FF6A5BC00E495D6 /* 登录界面及跳转（代码实现） */;
			targetProxy = 3DD41D601FF6A5BC00E495D6 /* PBXContainerItemProxy */;
		};
		3DD41D6C1FF6A5BC00E495D6 /* PBXTargetDependency */ = {
			isa = PBXTargetDependency;
			target = 3DD41D461FF6A5BC00E495D6 /* 登录界面及跳转（代码实现） */;
			targetProxy = 3DD41D6B1FF6A5BC00E495D6 /* PBXContainerItemProxy */;
		};
/* End PBXTargetDependency section */

/* Begin PBXVariantGroup section */
		3DD41D501FF6A5BC00E495D6 /* Main.storyboard */ = {
			isa = PBXVariantGroup;
			children = (
				3DD41D511FF6A5BC00E495D6 /* Base */,
			);
			name = Main.storyboard;
			sourceTree = "<group>";
		};
		3DD41D551FF6A5BC00E495D6 /* LaunchScreen.storyboard */ = {
			isa = PBXVariantGroup;
			children = (
				3DD41D561FF6A5BC00E495D6 /* Base */,
			);
			name = LaunchScreen.storyboard;
			sourceTree = "<group>";
		};
/* End PBXVariantGroup section */

/* Begin XCBuildConfiguration section */
		3DD41D711FF6A5BC00E495D6 /* Debug */ = {
			isa = XCBuildConfiguration;
			buildSettings = {
				ALWAYS_SEARCH_USER_PATHS = NO;
				CLANG_ANALYZER_NONNULL = YES;
				CLANG_ANALYZER_NUMBER_OBJECT_CONVERSION = YES_AGGRESSIVE;
				CLANG_CXX_LANGUAGE_STANDARD = "gnu++14";
				CLANG_CXX_LIBRARY = "libc++";
				CLANG_ENABLE_MODULES = YES;
				CLANG_ENABLE_OBJC_ARC = YES;
				CLANG_WARN_BLOCK_CAPTURE_AUTORELEASING = YES;
				CLANG_WARN_BOOL_CONVERSION = YES;
				CLANG_WARN_COMMA = YES;
				CLANG_WARN_CONSTANT_CONVERSION = YES;
				CLANG_WARN_DIRECT_OBJC_ISA_USAGE = YES_ERROR;
				CLANG_WARN_DOCUMENTATION_COMMENTS = YES;
				CLANG_WARN_EMPTY_BODY = YES;
				CLANG_WARN_ENUM_CONVERSION = YES;
				CLANG_WARN_INFINITE_RECURSION = YES;
				CLANG_WARN_INT_CONVERSION = YES;
				CLANG_WARN_NON_LITERAL_NULL_CONVERSION = YES;
				CLANG_WARN_OBJC_LITERAL_CONVERSION = YES;
				CLANG_WARN_OBJC_ROOT_CLASS = YES_ERROR;
				CLANG_WARN_RANGE_LOOP_ANALYSIS = YES;
				CLANG_WARN_STRICT_PROTOTYPES = YES;
				CLANG_WARN_SUSPICIOUS_MOVE = YES;
				CLANG_WARN_UNGUARDED_AVAILABILITY = YES_AGGRESSIVE;
				CLANG_WARN_UNREACHABLE_CODE = YES;
				CLANG_WARN__DUPLICATE_METHOD_MATCH = YES;
				CODE_SIGN_IDENTITY = "iPhone Developer";
				COPY_PHASE_STRIP = NO;
				DEBUG_INFORMATION_FORMAT = dwarf;
				ENABLE_STRICT_OBJC_MSGSEND = YES;
				ENABLE_TESTABILITY = YES;
				GCC_C_LANGUAGE_STANDARD = gnu11;
				GCC_DYNAMIC_NO_PIC = NO;
				GCC_NO_COMMON_BLOCKS = YES;
				GCC_OPTIMIZATION_LEVEL = 0;
				GCC_PREPROCESSOR_DEFINITIONS = (
					"DEBUG=1",
					"$(inherited)",
				);
				GCC_WARN_64_TO_32_BIT_CONVERSION = YES;
				GCC_WARN_ABOUT_RETURN_TYPE = YES_ERROR;
				GCC_WARN_UNDECLARED_SELECTOR = YES;
				GCC_WARN_UNINITIALIZED_AUTOS = YES_AGGRESSIVE;
				GCC_WARN_UNUSED_FUNCTION = YES;
				GCC_WARN_UNUSED_VARIABLE = YES;
				IPHONEOS_DEPLOYMENT_TARGET = 11.0;
				MTL_ENABLE_DEBUG_INFO = YES;
				ONLY_ACTIVE_ARCH = YES;
				SDKROOT = iphoneos;
			};
			name = Debug;
		};
		3DD41D721FF6A5BC00E495D6 /* Release */ = {
			isa = XCBuildConfiguration;
			buildSettings = {
				ALWAYS_SEARCH_USER_PATHS = NO;
				CLANG_ANALYZER_NONNULL = YES;
				CLANG_ANALYZER_NUMBER_OBJECT_CONVERSION = YES_AGGRESSIVE;
				CLANG_CXX_LANGUAGE_STANDARD = "gnu++14";
				CLANG_CXX_LIBRARY = "libc++";
				CLANG_ENABLE_MODULES = YES;
				CLANG_ENABLE_OBJC_ARC = YES;
				CLANG_WARN_BLOCK_CAPTURE_AUTORELEASING = YES;
				CLANG_WARN_BOOL_CONVERSION = YES;
				CLANG_WARN_COMMA = YES;
				CLANG_WARN_CONSTANT_CONVERSION = YES;
				CLANG_WARN_DIRECT_OBJC_ISA_USAGE = YES_ERROR;
				CLANG_WARN_DOCUMENTATION_COMMENTS = YES;
				CLANG_WARN_EMPTY_BODY = YES;
				CLANG_WARN_ENUM_CONVERSION = YES;
				CLANG_WARN_INFINITE_RECURSION = YES;
				CLANG_WARN_INT_CONVERSION = YES;
				CLANG_WARN_NON_LITERAL_NULL_CONVERSION = YES;
				CLANG_WARN_OBJC_LITERAL_CONVERSION = YES;
				CLANG_WARN_OBJC_ROOT_CLASS = YES_ERROR;
				CLANG_WARN_RANGE_LOOP_ANALYSIS = YES;
				CLANG_WARN_STRICT_PROTOTYPES = YES;
				CLANG_WARN_SUSPICIOUS_MOVE = YES;
				CLANG_WARN_UNGUARDED_AVAILABILITY = YES_AGGRESSIVE;
				CLANG_WARN_UNREACHABLE_CODE = YES;
				CLANG_WARN__DUPLICATE_METHOD_MATCH = YES;
				CODE_SIGN_IDENTITY = "iPhone Developer";
				COPY_PHASE_STRIP = NO;
				DEBUG_INFORMATION_FORMAT = "dwarf-with-dsym";
				ENABLE_NS_ASSERTIONS = NO;
				ENABLE_STRICT_OBJC_MSGSEND = YES;
				GCC_C_LANGUAGE_STANDARD = gnu11;
				GCC_NO_COMMON_BLOCKS = YES;
				GCC_WARN_64_TO_32_BIT_CONVERSION = YES;
				GCC_WARN_ABOUT_RETURN_TYPE = YES_ERROR;
				GCC_WARN_UNDECLARED_SELECTOR = YES;
				GCC_WARN_UNINITIALIZED_AUTOS = YES_AGGRESSIVE;
				GCC_WARN_UNUSED_FUNCTION = YES;
				GCC_WARN_UNUSED_VARIABLE = YES;
				IPHONEOS_DEPLOYMENT_TARGET = 11.0;
				MTL_ENABLE_DEBUG_INFO = NO;
				SDKROOT = iphoneos;
				VALIDATE_PRODUCT = YES;
			};
			name = Release;
		};
		3DD41D741FF6A5BC00E495D6 /* Debug */ = {
			isa = XCBuildConfiguration;
			buildSettings = {
				ASSETCATALOG_COMPILER_APPICON_NAME = AppIcon;
				CODE_SIGN_STYLE = Automatic;
				DEVELOPMENT_TEAM = 66P5YQE4X8;
				INFOPLIST_FILE = "登录界面及跳转（代码实现）/Info.plist";
				LD_RUNPATH_SEARCH_PATHS = "$(inherited) @executable_path/Frameworks";
				PRODUCT_BUNDLE_IDENTIFIER = "William.-------------";
				PRODUCT_NAME = "$(TARGET_NAME)";
				TARGETED_DEVICE_FAMILY = "1,2";
			};
			name = Debug;
		};
		3DD41D751FF6A5BC00E495D6 /* Release */ = {
			isa = XCBuildConfiguration;
			buildSettings = {
				ASSETCATALOG_COMPILER_APPICON_NAME = AppIcon;
				CODE_SIGN_STYLE = Automatic;
				DEVELOPMENT_TEAM = 66P5YQE4X8;
				INFOPLIST_FILE = "登录界面及跳转（代码实现）/Info.plist";
				LD_RUNPATH_SEARCH_PATHS = "$(inherited) @executable_path/Frameworks";
				PRODUCT_BUNDLE_IDENTIFIER = "William.-------------";
				PRODUCT_NAME = "$(TARGET_NAME)";
				TARGETED_DEVICE_FAMILY = "1,2";
			};
			name = Release;
		};
		3DD41D771FF6A5BC00E495D6 /* Debug */ = {
			isa = XCBuildConfiguration;
			buildSettings = {
				BUNDLE_LOADER = "$(TEST_HOST)";
				CODE_SIGN_STYLE = Automatic;
				DEVELOPMENT_TEAM = 66P5YQE4X8;
				INFOPLIST_FILE = "登录界面及跳转（代码实现）Tests/Info.plist";
				LD_RUNPATH_SEARCH_PATHS = "$(inherited) @executable_path/Frameworks @loader_path/Frameworks";
				PRODUCT_BUNDLE_IDENTIFIER = "William.-------------Tests";
				PRODUCT_NAME = "$(TARGET_NAME)";
				TARGETED_DEVICE_FAMILY = "1,2";
				TEST_HOST = "$(BUILT_PRODUCTS_DIR)/登录界面及跳转（代码实现）.app/登录界面及跳转（代码实现）";
			};
			name = Debug;
		};
		3DD41D781FF6A5BC00E495D6 /* Release */ = {
			isa = XCBuildConfiguration;
			buildSettings = {
				BUNDLE_LOADER = "$(TEST_HOST)";
				CODE_SIGN_STYLE = Automatic;
				DEVELOPMENT_TEAM = 66P5YQE4X8;
				INFOPLIST_FILE = "登录界面及跳转（代码实现）Tests/Info.plist";
				LD_RUNPATH_SEARCH_PATHS = "$(inherited) @executable_path/Frameworks @loader_path/Frameworks";
				PRODUCT_BUNDLE_IDENTIFIER = "William.-------------Tests";
				PRODUCT_NAME = "$(TARGET_NAME)";
				TARGETED_DEVICE_FAMILY = "1,2";
				TEST_HOST = "$(BUILT_PRODUCTS_DIR)/登录界面及跳转（代码实现）.app/登录界面及跳转（代码实现）";
			};
			name = Release;
		};
		3DD41D7A1FF6A5BC00E495D6 /* Debug */ = {
			isa = XCBuildConfiguration;
			buildSettings = {
				CODE_SIGN_STYLE = Automatic;
				DEVELOPMENT_TEAM = 66P5YQE4X8;
				INFOPLIST_FILE = "登录界面及跳转（代码实现）UITests/Info.plist";
				LD_RUNPATH_SEARCH_PATHS = "$(inherited) @executable_path/Frameworks @loader_path/Frameworks";
				PRODUCT_BUNDLE_IDENTIFIER = "William.-------------UITests";
				PRODUCT_NAME = "$(TARGET_NAME)";
				TARGETED_DEVICE_FAMILY = "1,2";
				TEST_TARGET_NAME = "登录界面及跳转（代码实现）";
			};
			name = Debug;
		};
		3DD41D7B1FF6A5BC00E495D6 /* Release */ = {
			isa = XCBuildConfiguration;
			buildSettings = {
				CODE_SIGN_STYLE = Automatic;
				DEVELOPMENT_TEAM = 66P5YQE4X8;
				INFOPLIST_FILE = "登录界面及跳转（代码实现）UITests/Info.plist";
				LD_RUNPATH_SEARCH_PATHS = "$(inherited) @executable_path/Frameworks @loader_path/Frameworks";
				PRODUCT_BUNDLE_IDENTIFIER = "William.-------------UITests";
				PRODUCT_NAME = "$(TARGET_NAME)";
				TARGETED_DEVICE_FAMILY = "1,2";
				TEST_TARGET_NAME = "登录界面及跳转（代码实现）";
			};
			name = Release;
		};
/* End XCBuildConfiguration section */

/* Begin XCConfigurationList section */
		3DD41D421FF6A5BC00E495D6 /* Build configuration list for PBXProject "登录界面及跳转（代码实现）" */ = {
			isa = XCConfigurationList;
			buildConfigurations = (
				3DD41D711FF6A5BC00E495D6 /* Debug */,
				3DD41D721FF6A5BC00E495D6 /* Release */,
			);
			defaultConfigurationIsVisible = 0;
			defaultConfigurationName = Release;
		};
		3DD41D731FF6A5BC00E495D6 /* Build configuration list for PBXNativeTarget "登录界面及跳转（代码实现）" */ = {
			isa = XCConfigurationList;
			buildConfigurations = (
				3DD41D741FF6A5BC00E495D6 /* Debug */,
				3DD41D751FF6A5BC00E495D6 /* Release */,
			);
			defaultConfigurationIsVisible = 0;
			defaultConfigurationName = Release;
		};
		3DD41D761FF6A5BC00E495D6 /* Build configuration list for PBXNativeTarget "登录界面及跳转（代码实现）Tests" */ = {
			isa = XCConfigurationList;
			buildConfigurations = (
				3DD41D771FF6A5BC00E495D6 /* Debug */,
				3DD41D781FF6A5BC00E495D6 /* Release */,
			);
			defaultConfigurationIsVisible = 0;
			defaultConfigurationName = Release;
		};
		3DD41D791FF6A5BC00E495D6 /* Build configuration list for PBXNativeTarget "登录界面及跳转（代码实现）UITests" */ = {
			isa = XCConfigurationList;
			buildConfigurations = (
				3DD41D7A1FF6A5BC00E495D6 /* Debug */,
				3DD41D7B1FF6A5BC00E495D6 /* Release */,
			);
			defaultConfigurationIsVisible = 0;
			defaultConfigurationName = Release;
		};
/* End XCConfigurationList section */
	};
	rootObject = 3DD41D3F1FF6A5BC00E495D6 /* Project object */;
}
