// !$*UTF8*$!
{
	archiveVersion = 1;
	classes = {
	};
	objectVersion = 48;
	objects = {

/* Begin PBXBuildFile section */
		3DC3E6D52056808E00E391CE /* AppDelegate.m in Sources */ = {isa = PBXBuildFile; fileRef = 3DC3E6D42056808E00E391CE /* AppDelegate.m */; };
		3DC3E6D82056808E00E391CE /* ViewController.m in Sources */ = {isa = PBXBuildFile; fileRef = 3DC3E6D72056808E00E391CE /* ViewController.m */; };
		3DC3E6DB2056808E00E391CE /* Main.storyboard in Resources */ = {isa = PBXBuildFile; fileRef = 3DC3E6D92056808E00E391CE /* Main.storyboard */; };
		3DC3E6DD2056808E00E391CE /* Assets.xcassets in Resources */ = {isa = PBXBuildFile; fileRef = 3DC3E6DC2056808E00E391CE /* Assets.xcassets */; };
		3DC3E6E02056808E00E391CE /* LaunchScreen.storyboard in Resources */ = {isa = PBXBuildFile; fileRef = 3DC3E6DE2056808E00E391CE /* LaunchScreen.storyboard */; };
		3DC3E6E32056808E00E391CE /* main.m in Sources */ = {isa = PBXBuildFile; fileRef = 3DC3E6E22056808E00E391CE /* main.m */; };
		3DC3E6ED2056808E00E391CE /* UIView___Tests.m in Sources */ = {isa = PBXBuildFile; fileRef = 3DC3E6EC2056808E00E391CE /* UIView___Tests.m */; };
		3DC3E6F82056808E00E391CE /* UIView___UITests.m in Sources */ = {isa = PBXBuildFile; fileRef = 3DC3E6F72056808E00E391CE /* UIView___UITests.m */; };
		3DC3E707205680A200E391CE /* RedView.m in Sources */ = {isa = PBXBuildFile; fileRef = 3DC3E706205680A200E391CE /* RedView.m */; };
/* End PBXBuildFile section */

/* Begin PBXContainerItemProxy section */
		3DC3E6E92056808E00E391CE /* PBXContainerItemProxy */ = {
			isa = PBXContainerItemProxy;
			containerPortal = 3DC3E6C82056808E00E391CE /* Project object */;
			proxyType = 1;
			remoteGlobalIDString = 3DC3E6CF2056808E00E391CE;
			remoteInfo = "UIView的拖拽";
		};
		3DC3E6F42056808E00E391CE /* PBXContainerItemProxy */ = {
			isa = PBXContainerItemProxy;
			containerPortal = 3DC3E6C82056808E00E391CE /* Project object */;
			proxyType = 1;
			remoteGlobalIDString = 3DC3E6CF2056808E00E391CE;
			remoteInfo = "UIView的拖拽";
		};
/* End PBXContainerItemProxy section */

/* Begin PBXFileReference section */
		3DC3E6D02056808E00E391CE /* UIView的拖拽.app */ = {isa = PBXFileReference; explicitFileType = wrapper.application; includeInIndex = 0; path = "UIView的拖拽.app"; sourceTree = BUILT_PRODUCTS_DIR; };
		3DC3E6D32056808E00E391CE /* AppDelegate.h */ = {isa = PBXFileReference; lastKnownFileType = sourcecode.c.h; path = AppDelegate.h; sourceTree = "<group>"; };
		3DC3E6D42056808E00E391CE /* AppDelegate.m */ = {isa = PBXFileReference; lastKnownFileType = sourcecode.c.objc; path = AppDelegate.m; sourceTree = "<group>"; };
		3DC3E6D62056808E00E391CE /* ViewController.h */ = {isa = PBXFileReference; lastKnownFileType = sourcecode.c.h; path = ViewController.h; sourceTree = "<group>"; };
		3DC3E6D72056808E00E391CE /* ViewController.m */ = {isa = PBXFileReference; lastKnownFileType = sourcecode.c.objc; path = ViewController.m; sourceTree = "<group>"; };
		3DC3E6DA2056808E00E391CE /* Base */ = {isa = PBXFileReference; lastKnownFileType = file.storyboard; name = Base; path = Base.lproj/Main.storyboard; sourceTree = "<group>"; };
		3DC3E6DC2056808E00E391CE /* Assets.xcassets */ = {isa = PBXFileReference; lastKnownFileType = folder.assetcatalog; path = Assets.xcassets; sourceTree = "<group>"; };
		3DC3E6DF2056808E00E391CE /* Base */ = {isa = PBXFileReference; lastKnownFileType = file.storyboard; name = Base; path = Base.lproj/LaunchScreen.storyboard; sourceTree = "<group>"; };
		3DC3E6E12056808E00E391CE /* Info.plist */ = {isa = PBXFileReference; lastKnownFileType = text.plist.xml; path = Info.plist; sourceTree = "<group>"; };
		3DC3E6E22056808E00E391CE /* main.m */ = {isa = PBXFileReference; lastKnownFileType = sourcecode.c.objc; path = main.m; sourceTree = "<group>"; };
		3DC3E6E82056808E00E391CE /* UIView的拖拽Tests.xctest */ = {isa = PBXFileReference; explicitFileType = wrapper.cfbundle; includeInIndex = 0; path = "UIView的拖拽Tests.xctest"; sourceTree = BUILT_PRODUCTS_DIR; };
		3DC3E6EC2056808E00E391CE /* UIView___Tests.m */ = {isa = PBXFileReference; lastKnownFileType = sourcecode.c.objc; path = "UIView___Tests.m"; sourceTree = "<group>"; };
		3DC3E6EE2056808E00E391CE /* Info.plist */ = {isa = PBXFileReference; lastKnownFileType = text.plist.xml; path = Info.plist; sourceTree = "<group>"; };
		3DC3E6F32056808E00E391CE /* UIView的拖拽UITests.xctest */ = {isa = PBXFileReference; explicitFileType = wrapper.cfbundle; includeInIndex = 0; path = "UIView的拖拽UITests.xctest"; sourceTree = BUILT_PRODUCTS_DIR; };
		3DC3E6F72056808E00E391CE /* UIView___UITests.m */ = {isa = PBXFileReference; lastKnownFileType = sourcecode.c.objc; path = "UIView___UITests.m"; sourceTree = "<group>"; };
		3DC3E6F92056808E00E391CE /* Info.plist */ = {isa = PBXFileReference; lastKnownFileType = text.plist.xml; path = Info.plist; sourceTree = "<group>"; };
		3DC3E705205680A200E391CE /* RedView.h */ = {isa = PBXFileReference; lastKnownFileType = sourcecode.c.h; path = RedView.h; sourceTree = "<group>"; };
		3DC3E706205680A200E391CE /* RedView.m */ = {isa = PBXFileReference; lastKnownFileType = sourcecode.c.objc; path = RedView.m; sourceTree = "<group>"; };
/* End PBXFileReference section */

/* Begin PBXFrameworksBuildPhase section */
		3DC3E6CD2056808E00E391CE /* Frameworks */ = {
			isa = PBXFrameworksBuildPhase;
			buildActionMask = 2147483647;
			files = (
			);
			runOnlyForDeploymentPostprocessing = 0;
		};
		3DC3E6E52056808E00E391CE /* Frameworks */ = {
			isa = PBXFrameworksBuildPhase;
			buildActionMask = 2147483647;
			files = (
			);
			runOnlyForDeploymentPostprocessing = 0;
		};
		3DC3E6F02056808E00E391CE /* Frameworks */ = {
			isa = PBXFrameworksBuildPhase;
			buildActionMask = 2147483647;
			files = (
			);
			runOnlyForDeploymentPostprocessing = 0;
		};
/* End PBXFrameworksBuildPhase section */

/* Begin PBXGroup section */
		3DC3E6C72056808E00E391CE = {
			isa = PBXGroup;
			children = (
				3DC3E6D22056808E00E391CE /* UIView的拖拽 */,
				3DC3E6EB2056808E00E391CE /* UIView的拖拽Tests */,
				3DC3E6F62056808E00E391CE /* UIView的拖拽UITests */,
				3DC3E6D12056808E00E391CE /* Products */,
			);
			sourceTree = "<group>";
		};
		3DC3E6D12056808E00E391CE /* Products */ = {
			isa = PBXGroup;
			children = (
				3DC3E6D02056808E00E391CE /* UIView的拖拽.app */,
				3DC3E6E82056808E00E391CE /* UIView的拖拽Tests.xctest */,
				3DC3E6F32056808E00E391CE /* UIView的拖拽UITests.xctest */,
			);
			name = Products;
			sourceTree = "<group>";
		};
		3DC3E6D22056808E00E391CE /* UIView的拖拽 */ = {
			isa = PBXGroup;
			children = (
				3DC3E6D32056808E00E391CE /* AppDelegate.h */,
				3DC3E6D42056808E00E391CE /* AppDelegate.m */,
				3DC3E6D62056808E00E391CE /* ViewController.h */,
				3DC3E6D72056808E00E391CE /* ViewController.m */,
				3DC3E705205680A200E391CE /* RedView.h */,
				3DC3E706205680A200E391CE /* RedView.m */,
				3DC3E6D92056808E00E391CE /* Main.storyboard */,
				3DC3E6DC2056808E00E391CE /* Assets.xcassets */,
				3DC3E6DE2056808E00E391CE /* LaunchScreen.storyboard */,
				3DC3E6E12056808E00E391CE /* Info.plist */,
				3DC3E6E22056808E00E391CE /* main.m */,
			);
			path = "UIView的拖拽";
			sourceTree = "<group>";
		};
		3DC3E6EB2056808E00E391CE /* UIView的拖拽Tests */ = {
			isa = PBXGroup;
			children = (
				3DC3E6EC2056808E00E391CE /* UIView___Tests.m */,
				3DC3E6EE2056808E00E391CE /* Info.plist */,
			);
			path = "UIView的拖拽Tests";
			sourceTree = "<group>";
		};
		3DC3E6F62056808E00E391CE /* UIView的拖拽UITests */ = {
			isa = PBXGroup;
			children = (
				3DC3E6F72056808E00E391CE /* UIView___UITests.m */,
				3DC3E6F92056808E00E391CE /* Info.plist */,
			);
			path = "UIView的拖拽UITests";
			sourceTree = "<group>";
		};
/* End PBXGroup section */

/* Begin PBXNativeTarget section */
		3DC3E6CF2056808E00E391CE /* UIView的拖拽 */ = {
			isa = PBXNativeTarget;
			buildConfigurationList = 3DC3E6FC2056808E00E391CE /* Build configuration list for PBXNativeTarget "UIView的拖拽" */;
			buildPhases = (
				3DC3E6CC2056808E00E391CE /* Sources */,
				3DC3E6CD2056808E00E391CE /* Frameworks */,
				3DC3E6CE2056808E00E391CE /* Resources */,
			);
			buildRules = (
			);
			dependencies = (
			);
			name = "UIView的拖拽";
			productName = "UIView的拖拽";
			productReference = 3DC3E6D02056808E00E391CE /* UIView的拖拽.app */;
			productType = "com.apple.product-type.application";
		};
		3DC3E6E72056808E00E391CE /* UIView的拖拽Tests */ = {
			isa = PBXNativeTarget;
			buildConfigurationList = 3DC3E6FF2056808E00E391CE /* Build configuration list for PBXNativeTarget "UIView的拖拽Tests" */;
			buildPhases = (
				3DC3E6E42056808E00E391CE /* Sources */,
				3DC3E6E52056808E00E391CE /* Frameworks */,
				3DC3E6E62056808E00E391CE /* Resources */,
			);
			buildRules = (
			);
			dependencies = (
				3DC3E6EA2056808E00E391CE /* PBXTargetDependency */,
			);
			name = "UIView的拖拽Tests";
			productName = "UIView的拖拽Tests";
			productReference = 3DC3E6E82056808E00E391CE /* UIView的拖拽Tests.xctest */;
			productType = "com.apple.product-type.bundle.unit-test";
		};
		3DC3E6F22056808E00E391CE /* UIView的拖拽UITests */ = {
			isa = PBXNativeTarget;
			buildConfigurationList = 3DC3E7022056808E00E391CE /* Build configuration list for PBXNativeTarget "UIView的拖拽UITests" */;
			buildPhases = (
				3DC3E6EF2056808E00E391CE /* Sources */,
				3DC3E6F02056808E00E391CE /* Frameworks */,
				3DC3E6F12056808E00E391CE /* Resources */,
			);
			buildRules = (
			);
			dependencies = (
				3DC3E6F52056808E00E391CE /* PBXTargetDependency */,
			);
			name = "UIView的拖拽UITests";
			productName = "UIView的拖拽UITests";
			productReference = 3DC3E6F32056808E00E391CE /* UIView的拖拽UITests.xctest */;
			productType = "com.apple.product-type.bundle.ui-testing";
		};
/* End PBXNativeTarget section */

/* Begin PBXProject section */
		3DC3E6C82056808E00E391CE /* Project object */ = {
			isa = PBXProject;
			attributes = {
				LastUpgradeCheck = 0920;
				ORGANIZATIONNAME = William;
				TargetAttributes = {
					3DC3E6CF2056808E00E391CE = {
						CreatedOnToolsVersion = 9.2;
						ProvisioningStyle = Automatic;
					};
					3DC3E6E72056808E00E391CE = {
						CreatedOnToolsVersion = 9.2;
						ProvisioningStyle = Automatic;
						TestTargetID = 3DC3E6CF2056808E00E391CE;
					};
					3DC3E6F22056808E00E391CE = {
						CreatedOnToolsVersion = 9.2;
						ProvisioningStyle = Automatic;
						TestTargetID = 3DC3E6CF2056808E00E391CE;
					};
				};
			};
			buildConfigurationList = 3DC3E6CB2056808E00E391CE /* Build configuration list for PBXProject "UIView的拖拽" */;
			compatibilityVersion = "Xcode 8.0";
			developmentRegion = en;
			hasScannedForEncodings = 0;
			knownRegions = (
				en,
				Base,
			);
			mainGroup = 3DC3E6C72056808E00E391CE;
			productRefGroup = 3DC3E6D12056808E00E391CE /* Products */;
			projectDirPath = "";
			projectRoot = "";
			targets = (
				3DC3E6CF2056808E00E391CE /* UIView的拖拽 */,
				3DC3E6E72056808E00E391CE /* UIView的拖拽Tests */,
				3DC3E6F22056808E00E391CE /* UIView的拖拽UITests */,
			);
		};
/* End PBXProject section */

/* Begin PBXResourcesBuildPhase section */
		3DC3E6CE2056808E00E391CE /* Resources */ = {
			isa = PBXResourcesBuildPhase;
			buildActionMask = 2147483647;
			files = (
				3DC3E6E02056808E00E391CE /* LaunchScreen.storyboard in Resources */,
				3DC3E6DD2056808E00E391CE /* Assets.xcassets in Resources */,
				3DC3E6DB2056808E00E391CE /* Main.storyboard in Resources */,
			);
			runOnlyForDeploymentPostprocessing = 0;
		};
		3DC3E6E62056808E00E391CE /* Resources */ = {
			isa = PBXResourcesBuildPhase;
			buildActionMask = 2147483647;
			files = (
			);
			runOnlyForDeploymentPostprocessing = 0;
		};
		3DC3E6F12056808E00E391CE /* Resources */ = {
			isa = PBXResourcesBuildPhase;
			buildActionMask = 2147483647;
			files = (
			);
			runOnlyForDeploymentPostprocessing = 0;
		};
/* End PBXResourcesBuildPhase section */

/* Begin PBXSourcesBuildPhase section */
		3DC3E6CC2056808E00E391CE /* Sources */ = {
			isa = PBXSourcesBuildPhase;
			buildActionMask = 2147483647;
			files = (
				3DC3E6D82056808E00E391CE /* ViewController.m in Sources */,
				3DC3E6E32056808E00E391CE /* main.m in Sources */,
				3DC3E707205680A200E391CE /* RedView.m in Sources */,
				3DC3E6D52056808E00E391CE /* AppDelegate.m in Sources */,
			);
			runOnlyForDeploymentPostprocessing = 0;
		};
		3DC3E6E42056808E00E391CE /* Sources */ = {
			isa = PBXSourcesBuildPhase;
			buildActionMask = 2147483647;
			files = (
				3DC3E6ED2056808E00E391CE /* UIView___Tests.m in Sources */,
			);
			runOnlyForDeploymentPostprocessing = 0;
		};
		3DC3E6EF2056808E00E391CE /* Sources */ = {
			isa = PBXSourcesBuildPhase;
			buildActionMask = 2147483647;
			files = (
				3DC3E6F82056808E00E391CE /* UIView___UITests.m in Sources */,
			);
			runOnlyForDeploymentPostprocessing = 0;
		};
/* End PBXSourcesBuildPhase section */

/* Begin PBXTargetDependency section */
		3DC3E6EA2056808E00E391CE /* PBXTargetDependency */ = {
			isa = PBXTargetDependency;
			target = 3DC3E6CF2056808E00E391CE /* UIView的拖拽 */;
			targetProxy = 3DC3E6E92056808E00E391CE /* PBXContainerItemProxy */;
		};
		3DC3E6F52056808E00E391CE /* PBXTargetDependency */ = {
			isa = PBXTargetDependency;
			target = 3DC3E6CF2056808E00E391CE /* UIView的拖拽 */;
			targetProxy = 3DC3E6F42056808E00E391CE /* PBXContainerItemProxy */;
		};
/* End PBXTargetDependency section */

/* Begin PBXVariantGroup section */
		3DC3E6D92056808E00E391CE /* Main.storyboard */ = {
			isa = PBXVariantGroup;
			children = (
				3DC3E6DA2056808E00E391CE /* Base */,
			);
			name = Main.storyboard;
			sourceTree = "<group>";
		};
		3DC3E6DE2056808E00E391CE /* LaunchScreen.storyboard */ = {
			isa = PBXVariantGroup;
			children = (
				3DC3E6DF2056808E00E391CE /* Base */,
			);
			name = LaunchScreen.storyboard;
			sourceTree = "<group>";
		};
/* End PBXVariantGroup section */

/* Begin XCBuildConfiguration section */
		3DC3E6FA2056808E00E391CE /* Debug */ = {
			isa = XCBuildConfiguration;
			buildSettings = {
				ALWAYS_SEARCH_USER_PATHS = NO;
				CLANG_ANALYZER_NONNULL = YES;
				CLANG_ANALYZER_NUMBER_OBJECT_CONVERSION = YES_AGGRESSIVE;
				CLANG_CXX_LANGUAGE_STANDARD = "gnu++14";
				CLANG_CXX_LIBRARY = "libc++";
				CLANG_ENABLE_MODULES = YES;
				CLANG_ENABLE_OBJC_ARC = YES;
				CLANG_WARN_BLOCK_CAPTURE_AUTORELEASING = YES;
				CLANG_WARN_BOOL_CONVERSION = YES;
				CLANG_WARN_COMMA = YES;
				CLANG_WARN_CONSTANT_CONVERSION = YES;
				CLANG_WARN_DIRECT_OBJC_ISA_USAGE = YES_ERROR;
				CLANG_WARN_DOCUMENTATION_COMMENTS = YES;
				CLANG_WARN_EMPTY_BODY = YES;
				CLANG_WARN_ENUM_CONVERSION = YES;
				CLANG_WARN_INFINITE_RECURSION = YES;
				CLANG_WARN_INT_CONVERSION = YES;
				CLANG_WARN_NON_LITERAL_NULL_CONVERSION = YES;
				CLANG_WARN_OBJC_LITERAL_CONVERSION = YES;
				CLANG_WARN_OBJC_ROOT_CLASS = YES_ERROR;
				CLANG_WARN_RANGE_LOOP_ANALYSIS = YES;
				CLANG_WARN_STRICT_PROTOTYPES = YES;
				CLANG_WARN_SUSPICIOUS_MOVE = YES;
				CLANG_WARN_UNGUARDED_AVAILABILITY = YES_AGGRESSIVE;
				CLANG_WARN_UNREACHABLE_CODE = YES;
				CLANG_WARN__DUPLICATE_METHOD_MATCH = YES;
				CODE_SIGN_IDENTITY = "iPhone Developer";
				COPY_PHASE_STRIP = NO;
				DEBUG_INFORMATION_FORMAT = dwarf;
				ENABLE_STRICT_OBJC_MSGSEND = YES;
				ENABLE_TESTABILITY = YES;
				GCC_C_LANGUAGE_STANDARD = gnu11;
				GCC_DYNAMIC_NO_PIC = NO;
				GCC_NO_COMMON_BLOCKS = YES;
				GCC_OPTIMIZATION_LEVEL = 0;
				GCC_PREPROCESSOR_DEFINITIONS = (
					"DEBUG=1",
					"$(inherited)",
				);
				GCC_WARN_64_TO_32_BIT_CONVERSION = YES;
				GCC_WARN_ABOUT_RETURN_TYPE = YES_ERROR;
				GCC_WARN_UNDECLARED_SELECTOR = YES;
				GCC_WARN_UNINITIALIZED_AUTOS = YES_AGGRESSIVE;
				GCC_WARN_UNUSED_FUNCTION = YES;
				GCC_WARN_UNUSED_VARIABLE = YES;
				IPHONEOS_DEPLOYMENT_TARGET = 11.2;
				MTL_ENABLE_DEBUG_INFO = YES;
				ONLY_ACTIVE_ARCH = YES;
				SDKROOT = iphoneos;
			};
			name = Debug;
		};
		3DC3E6FB2056808E00E391CE /* Release */ = {
			isa = XCBuildConfiguration;
			buildSettings = {
				ALWAYS_SEARCH_USER_PATHS = NO;
				CLANG_ANALYZER_NONNULL = YES;
				CLANG_ANALYZER_NUMBER_OBJECT_CONVERSION = YES_AGGRESSIVE;
				CLANG_CXX_LANGUAGE_STANDARD = "gnu++14";
				CLANG_CXX_LIBRARY = "libc++";
				CLANG_ENABLE_MODULES = YES;
				CLANG_ENABLE_OBJC_ARC = YES;
				CLANG_WARN_BLOCK_CAPTURE_AUTORELEASING = YES;
				CLANG_WARN_BOOL_CONVERSION = YES;
				CLANG_WARN_COMMA = YES;
				CLANG_WARN_CONSTANT_CONVERSION = YES;
				CLANG_WARN_DIRECT_OBJC_ISA_USAGE = YES_ERROR;
				CLANG_WARN_DOCUMENTATION_COMMENTS = YES;
				CLANG_WARN_EMPTY_BODY = YES;
				CLANG_WARN_ENUM_CONVERSION = YES;
				CLANG_WARN_INFINITE_RECURSION = YES;
				CLANG_WARN_INT_CONVERSION = YES;
				CLANG_WARN_NON_LITERAL_NULL_CONVERSION = YES;
				CLANG_WARN_OBJC_LITERAL_CONVERSION = YES;
				CLANG_WARN_OBJC_ROOT_CLASS = YES_ERROR;
				CLANG_WARN_RANGE_LOOP_ANALYSIS = YES;
				CLANG_WARN_STRICT_PROTOTYPES = YES;
				CLANG_WARN_SUSPICIOUS_MOVE = YES;
				CLANG_WARN_UNGUARDED_AVAILABILITY = YES_AGGRESSIVE;
				CLANG_WARN_UNREACHABLE_CODE = YES;
				CLANG_WARN__DUPLICATE_METHOD_MATCH = YES;
				CODE_SIGN_IDENTITY = "iPhone Developer";
				COPY_PHASE_STRIP = NO;
				DEBUG_INFORMATION_FORMAT = "dwarf-with-dsym";
				ENABLE_NS_ASSERTIONS = NO;
				ENABLE_STRICT_OBJC_MSGSEND = YES;
				GCC_C_LANGUAGE_STANDARD = gnu11;
				GCC_NO_COMMON_BLOCKS = YES;
				GCC_WARN_64_TO_32_BIT_CONVERSION = YES;
				GCC_WARN_ABOUT_RETURN_TYPE = YES_ERROR;
				GCC_WARN_UNDECLARED_SELECTOR = YES;
				GCC_WARN_UNINITIALIZED_AUTOS = YES_AGGRESSIVE;
				GCC_WARN_UNUSED_FUNCTION = YES;
				GCC_WARN_UNUSED_VARIABLE = YES;
				IPHONEOS_DEPLOYMENT_TARGET = 11.2;
				MTL_ENABLE_DEBUG_INFO = NO;
				SDKROOT = iphoneos;
				VALIDATE_PRODUCT = YES;
			};
			name = Release;
		};
		3DC3E6FD2056808E00E391CE /* Debug */ = {
			isa = XCBuildConfiguration;
			buildSettings = {
				ASSETCATALOG_COMPILER_APPICON_NAME = AppIcon;
				CODE_SIGN_STYLE = Automatic;
				DEVELOPMENT_TEAM = 66P5YQE4X8;
				INFOPLIST_FILE = "UIView的拖拽/Info.plist";
				LD_RUNPATH_SEARCH_PATHS = "$(inherited) @executable_path/Frameworks";
				PRODUCT_BUNDLE_IDENTIFIER = "William.UIView---";
				PRODUCT_NAME = "$(TARGET_NAME)";
				TARGETED_DEVICE_FAMILY = "1,2";
			};
			name = Debug;
		};
		3DC3E6FE2056808E00E391CE /* Release */ = {
			isa = XCBuildConfiguration;
			buildSettings = {
				ASSETCATALOG_COMPILER_APPICON_NAME = AppIcon;
				CODE_SIGN_STYLE = Automatic;
				DEVELOPMENT_TEAM = 66P5YQE4X8;
				INFOPLIST_FILE = "UIView的拖拽/Info.plist";
				LD_RUNPATH_SEARCH_PATHS = "$(inherited) @executable_path/Frameworks";
				PRODUCT_BUNDLE_IDENTIFIER = "William.UIView---";
				PRODUCT_NAME = "$(TARGET_NAME)";
				TARGETED_DEVICE_FAMILY = "1,2";
			};
			name = Release;
		};
		3DC3E7002056808E00E391CE /* Debug */ = {
			isa = XCBuildConfiguration;
			buildSettings = {
				BUNDLE_LOADER = "$(TEST_HOST)";
				CODE_SIGN_STYLE = Automatic;
				DEVELOPMENT_TEAM = 66P5YQE4X8;
				INFOPLIST_FILE = "UIView的拖拽Tests/Info.plist";
				LD_RUNPATH_SEARCH_PATHS = "$(inherited) @executable_path/Frameworks @loader_path/Frameworks";
				PRODUCT_BUNDLE_IDENTIFIER = "William.UIView---Tests";
				PRODUCT_NAME = "$(TARGET_NAME)";
				TARGETED_DEVICE_FAMILY = "1,2";
				TEST_HOST = "$(BUILT_PRODUCTS_DIR)/UIView的拖拽.app/UIView的拖拽";
			};
			name = Debug;
		};
		3DC3E7012056808E00E391CE /* Release */ = {
			isa = XCBuildConfiguration;
			buildSettings = {
				BUNDLE_LOADER = "$(TEST_HOST)";
				CODE_SIGN_STYLE = Automatic;
				DEVELOPMENT_TEAM = 66P5YQE4X8;
				INFOPLIST_FILE = "UIView的拖拽Tests/Info.plist";
				LD_RUNPATH_SEARCH_PATHS = "$(inherited) @executable_path/Frameworks @loader_path/Frameworks";
				PRODUCT_BUNDLE_IDENTIFIER = "William.UIView---Tests";
				PRODUCT_NAME = "$(TARGET_NAME)";
				TARGETED_DEVICE_FAMILY = "1,2";
				TEST_HOST = "$(BUILT_PRODUCTS_DIR)/UIView的拖拽.app/UIView的拖拽";
			};
			name = Release;
		};
		3DC3E7032056808E00E391CE /* Debug */ = {
			isa = XCBuildConfiguration;
			buildSettings = {
				CODE_SIGN_STYLE = Automatic;
				DEVELOPMENT_TEAM = 66P5YQE4X8;
				INFOPLIST_FILE = "UIView的拖拽UITests/Info.plist";
				LD_RUNPATH_SEARCH_PATHS = "$(inherited) @executable_path/Frameworks @loader_path/Frameworks";
				PRODUCT_BUNDLE_IDENTIFIER = "William.UIView---UITests";
				PRODUCT_NAME = "$(TARGET_NAME)";
				TARGETED_DEVICE_FAMILY = "1,2";
				TEST_TARGET_NAME = "UIView的拖拽";
			};
			name = Debug;
		};
		3DC3E7042056808E00E391CE /* Release */ = {
			isa = XCBuildConfiguration;
			buildSettings = {
				CODE_SIGN_STYLE = Automatic;
				DEVELOPMENT_TEAM = 66P5YQE4X8;
				INFOPLIST_FILE = "UIView的拖拽UITests/Info.plist";
				LD_RUNPATH_SEARCH_PATHS = "$(inherited) @executable_path/Frameworks @loader_path/Frameworks";
				PRODUCT_BUNDLE_IDENTIFIER = "William.UIView---UITests";
				PRODUCT_NAME = "$(TARGET_NAME)";
				TARGETED_DEVICE_FAMILY = "1,2";
				TEST_TARGET_NAME = "UIView的拖拽";
			};
			name = Release;
		};
/* End XCBuildConfiguration section */

/* Begin XCConfigurationList section */
		3DC3E6CB2056808E00E391CE /* Build configuration list for PBXProject "UIView的拖拽" */ = {
			isa = XCConfigurationList;
			buildConfigurations = (
				3DC3E6FA2056808E00E391CE /* Debug */,
				3DC3E6FB2056808E00E391CE /* Release */,
			);
			defaultConfigurationIsVisible = 0;
			defaultConfigurationName = Release;
		};
		3DC3E6FC2056808E00E391CE /* Build configuration list for PBXNativeTarget "UIView的拖拽" */ = {
			isa = XCConfigurationList;
			buildConfigurations = (
				3DC3E6FD2056808E00E391CE /* Debug */,
				3DC3E6FE2056808E00E391CE /* Release */,
			);
			defaultConfigurationIsVisible = 0;
			defaultConfigurationName = Release;
		};
		3DC3E6FF2056808E00E391CE /* Build configuration list for PBXNativeTarget "UIView的拖拽Tests" */ = {
			isa = XCConfigurationList;
			buildConfigurations = (
				3DC3E7002056808E00E391CE /* Debug */,
				3DC3E7012056808E00E391CE /* Release */,
			);
			defaultConfigurationIsVisible = 0;
			defaultConfigurationName = Release;
		};
		3DC3E7022056808E00E391CE /* Build configuration list for PBXNativeTarget "UIView的拖拽UITests" */ = {
			isa = XCConfigurationList;
			buildConfigurations = (
				3DC3E7032056808E00E391CE /* Debug */,
				3DC3E7042056808E00E391CE /* Release */,
			);
			defaultConfigurationIsVisible = 0;
			defaultConfigurationName = Release;
		};
/* End XCConfigurationList section */
	};
	rootObject = 3DC3E6C82056808E00E391CE /* Project object */;
}
